
Microsoft Visual Studio Solution File, Format Version 12.00
# Visual Studio 2013
VisualStudioVersion = 12.0.31101.0
MinimumVisualStudioVersion = 10.0.40219.1
Project("{FAE04EC0-301F-11D3-BF4B-00C04F79EFBC}") = "WebApplication2cloud", "WebApplication2cloud\WebApplication2cloud.csproj", "{91D8DDDE-C029-4579-B260-C304936E3C2F}"
EndProject
Project("{2150E333-8FDC-42A3-9474-1A3956D46DE8}") = "PublishScripts", "PublishScripts", "{94E934FD-1CDE-4B8F-A869-FE1AF04B90FF}"
	ProjectSection(SolutionItems) = preProject
		PublishScripts\AzureWebsitePublishModule.psm1 = PublishScripts\AzureWebsitePublishModule.psm1
		PublishScripts\Publish-WebApplicationWebsite.ps1 = PublishScripts\Publish-WebApplicationWebsite.ps1
	EndProjectSection
EndProject
Project("{2150E333-8FDC-42A3-9474-1A3956D46DE8}") = "Configurations", "Configurations", "{1A1AF849-25E4-4B0B-89B9-0DBFE925468C}"
	ProjectSection(SolutionItems) = preProject
		PublishScripts\Configurations\WebApplication2cloud-WAWS-dev.json = PublishScripts\Configurations\WebApplication2cloud-WAWS-dev.json
	EndProjectSection
EndProject
Project("{2150E333-8FDC-42A3-9474-1A3956D46DE8}") = ".nuget", ".nuget", "{2769ED07-E5F0-4275-B584-A184B1B70E0E}"
	ProjectSection(SolutionItems) = preProject
		.nuget\packages.config = .nuget\packages.config
	EndProjectSection
EndProject
Global
	GlobalSection(SolutionConfigurationPlatforms) = preSolution
		Debug|Any CPU = Debug|Any CPU
		Release|Any CPU = Release|Any CPU
	EndGlobalSection
	GlobalSection(ProjectConfigurationPlatforms) = postSolution
		{91D8DDDE-C029-4579-B260-C304936E3C2F}.Debug|Any CPU.ActiveCfg = Debug|Any CPU
		{91D8DDDE-C029-4579-B260-C304936E3C2F}.Debug|Any CPU.Build.0 = Debug|Any CPU
		{91D8DDDE-C029-4579-B260-C304936E3C2F}.Release|Any CPU.ActiveCfg = Release|Any CPU
		{91D8DDDE-C029-4579-B260-C304936E3C2F}.Release|Any CPU.Build.0 = Release|Any CPU
	EndGlobalSection
	GlobalSection(SolutionProperties) = preSolution
		HideSolutionNode = FALSE
	EndGlobalSection
	GlobalSection(NestedProjects) = preSolution
		{1A1AF849-25E4-4B0B-89B9-0DBFE925468C} = {94E934FD-1CDE-4B8F-A869-FE1AF04B90FF}
	EndGlobalSection
	GlobalSection(ExtensibilityGlobals) = postSolution
		VisualSVNWorkingCopyRoot = .
	EndGlobalSection
EndGlobal
